
Microsoft Visual Studio Solution File, Format Version 12.00
# Visual Studio Version 17
VisualStudioVersion = 17.5.33516.290
MinimumVisualStudioVersion = 10.0.40219.1
Project("{9A19103F-16F7-4668-BE54-9A1E7A4F7556}") = "FactoryMethod", "src\FactoryMethod\FactoryMethod.csproj", "{F79C27AE-693F-4451-8F5B-24E7C5E34A0C}"
EndProject
Project("{9A19103F-16F7-4668-BE54-9A1E7A4F7556}") = "Contracts", "src\Contracts\Contracts.csproj", "{03D95EA1-BB91-4324-A718-728459E98ADB}"
EndProject
Project("{9A19103F-16F7-4668-BE54-9A1E7A4F7556}") = "FactoryMethodTests", "tests\FactoryMethodTests\FactoryMethodTests.csproj", "{44078137-A421-4DDF-85DA-D89111CE869C}"
EndProject
Project("{2150E333-8FDC-42A3-9474-1A3956D46DE8}") = "src", "src", "{CD34EFDB-BBED-43B4-9616-BF66BB5139C6}"
EndProject
Project("{2150E333-8FDC-42A3-9474-1A3956D46DE8}") = "tests", "tests", "{2D36D863-134A-436E-BF66-982EED304D0E}"
EndProject
Global
	GlobalSection(SolutionConfigurationPlatforms) = preSolution
		Debug|Any CPU = Debug|Any CPU
		Release|Any CPU = Release|Any CPU
	EndGlobalSection
	GlobalSection(ProjectConfigurationPlatforms) = postSolution
		{F79C27AE-693F-4451-8F5B-24E7C5E34A0C}.Debug|Any CPU.ActiveCfg = Debug|Any CPU
		{F79C27AE-693F-4451-8F5B-24E7C5E34A0C}.Debug|Any CPU.Build.0 = Debug|Any CPU
		{F79C27AE-693F-4451-8F5B-24E7C5E34A0C}.Release|Any CPU.ActiveCfg = Release|Any CPU
		{F79C27AE-693F-4451-8F5B-24E7C5E34A0C}.Release|Any CPU.Build.0 = Release|Any CPU
		{03D95EA1-BB91-4324-A718-728459E98ADB}.Debug|Any CPU.ActiveCfg = Debug|Any CPU
		{03D95EA1-BB91-4324-A718-728459E98ADB}.Debug|Any CPU.Build.0 = Debug|Any CPU
		{03D95EA1-BB91-4324-A718-728459E98ADB}.Release|Any CPU.ActiveCfg = Release|Any CPU
		{03D95EA1-BB91-4324-A718-728459E98ADB}.Release|Any CPU.Build.0 = Release|Any CPU
		{44078137-A421-4DDF-85DA-D89111CE869C}.Debug|Any CPU.ActiveCfg = Debug|Any CPU
		{44078137-A421-4DDF-85DA-D89111CE869C}.Debug|Any CPU.Build.0 = Debug|Any CPU
		{44078137-A421-4DDF-85DA-D89111CE869C}.Release|Any CPU.ActiveCfg = Release|Any CPU
		{44078137-A421-4DDF-85DA-D89111CE869C}.Release|Any CPU.Build.0 = Release|Any CPU
	EndGlobalSection
	GlobalSection(SolutionProperties) = preSolution
		HideSolutionNode = FALSE
	EndGlobalSection
	GlobalSection(NestedProjects) = preSolution
		{F79C27AE-693F-4451-8F5B-24E7C5E34A0C} = {CD34EFDB-BBED-43B4-9616-BF66BB5139C6}
		{03D95EA1-BB91-4324-A718-728459E98ADB} = {CD34EFDB-BBED-43B4-9616-BF66BB5139C6}
		{44078137-A421-4DDF-85DA-D89111CE869C} = {2D36D863-134A-436E-BF66-982EED304D0E}
	EndGlobalSection
	GlobalSection(ExtensibilityGlobals) = postSolution
		SolutionGuid = {5CA45D46-5FCA-4A0D-89FE-969889BC9C43}
	EndGlobalSection
EndGlobal
